{
  "name": "@truefoundry/tfy-hermes-agent",
  "lockfileVersion": 3,
  "requires": true,
  "packages": {
    "": {
      "name": "@truefoundry/tfy-hermes-agent",
      "bin": {
        "tfy-hermes-agent": "bin/tfy-hermes-agent.mjs"
      },
      "engines": {
        "node": ">=20"
      }
    }
  }
}
