{
  "name": "@truefoundry/tfy-hermes-agent",
  "lockfileVersion": 3,
  "requires": true,
  "packages": {
    "": {
      "name": "@truefoundry/tfy-hermes-agent",
      "dependencies": {
        "yaml": "2.8.1"
      },
      "bin": {
        "tfy-hermes-agent": "bin/tfy-hermes-agent.mjs"
      },
      "engines": {
        "node": ">=20"
      }
    },
    "node_modules/yaml": {
      "version": "2.8.1",
      "resolved": "https://registry.npmjs.org/yaml/-/yaml-2.8.1.tgz",
      "integrity": "sha512-lcYcMxX2PO9XMGvAJkJ3OsNMw+/7FKes7/hgerGUYWIoWu5j/+YQqcZr5JnPZWzOsEBgMbSbiSTn/dv/69Mkpw==",
      "license": "ISC",
      "bin": {
        "yaml": "bin.mjs"
      },
      "engines": {
        "node": ">= 14.6"
      }
    }
  }
}
